// !$*UTF8*$!
{
	archiveVersion = 1;
	classes = {
	};
	objectVersion = 46;
	objects = {

/* Begin PBXBuildFile section */
		440AFCB21DD7C6F1007B1749 /* SwiftyJSON.framework in Frameworks */ = {isa = PBXBuildFile; fileRef = 440AFCB11DD7C6F1007B1749 /* SwiftyJSON.framework */; };
		4451CEEB1BA79C5C00D09540 /* Quartz.framework in Frameworks */ = {isa = PBXBuildFile; fileRef = 4451CEEA1BA79C5C00D09540 /* Quartz.framework */; };
		4451CEED1BA79C9400D09540 /* AVFoundation.framework in Frameworks */ = {isa = PBXBuildFile; fileRef = 4451CEEC1BA79C9400D09540 /* AVFoundation.framework */; };
		445915741BD056AE001DC93A /* ImageMetadata.swift in Sources */ = {isa = PBXBuildFile; fileRef = 445915731BD056AE001DC93A /* ImageMetadata.swift */; };
		4463CD061C2F362C00B6C01D /* MediaSize.swift in Sources */ = {isa = PBXBuildFile; fileRef = 4463CD051C2F362C00B6C01D /* MediaSize.swift */; };
		44734C4C1BA7839100C6675C /* MemoryCacheLookupProvider.swift in Sources */ = {isa = PBXBuildFile; fileRef = 44734C471BA7839100C6675C /* MemoryCacheLookupProvider.swift */; };
		44734C4D1BA7839100C6675C /* Location.swift in Sources */ = {isa = PBXBuildFile; fileRef = 44734C481BA7839100C6675C /* Location.swift */; };
		44734C4E1BA7839100C6675C /* LookupProvider.swift in Sources */ = {isa = PBXBuildFile; fileRef = 44734C491BA7839100C6675C /* LookupProvider.swift */; };
		44734C4F1BA7839100C6675C /* Placename.swift in Sources */ = {isa = PBXBuildFile; fileRef = 44734C4A1BA7839100C6675C /* Placename.swift */; };
		44734C501BA7839100C6675C /* OpenMapLookupProvider.swift in Sources */ = {isa = PBXBuildFile; fileRef = 44734C4B1BA7839100C6675C /* OpenMapLookupProvider.swift */; };
		4475F76F1BA7916F00087AEE /* Async.framework in Frameworks */ = {isa = PBXBuildFile; fileRef = 4475F76E1BA7916F00087AEE /* Async.framework */; };
		447CA6771BD5CD4500CA174C /* CocoaLumberjackSwift.framework in Frameworks */ = {isa = PBXBuildFile; fileRef = 447CA6761BD5CD4500CA174C /* CocoaLumberjackSwift.framework */; };
		447CA67B1BD5CF4B00CA174C /* CocoaLumberjack.framework in Frameworks */ = {isa = PBXBuildFile; fileRef = 447CA67A1BD5CF4B00CA174C /* CocoaLumberjack.framework */; };
		44936FD11DDAA21B0011DAE1 /* FindAPhotoMediaData.swift in Sources */ = {isa = PBXBuildFile; fileRef = 44936FD01DDAA21B0011DAE1 /* FindAPhotoMediaData.swift */; };
		44936FD51DDB7BDF0011DAE1 /* FindAPhotoResults.swift in Sources */ = {isa = PBXBuildFile; fileRef = 44936FD41DDB7BDF0011DAE1 /* FindAPhotoResults.swift */; };
		44A8506F1BD029DC0051CECA /* StringExtensions.swift in Sources */ = {isa = PBXBuildFile; fileRef = 44A8506E1BD029DC0051CECA /* StringExtensions.swift */; };
		44D749D51BAC810B00DE90B1 /* FMDatabase.h in Headers */ = {isa = PBXBuildFile; fileRef = 44D749CA1BAC810B00DE90B1 /* FMDatabase.h */; };
		44D749D61BAC810B00DE90B1 /* FMDatabase.m in Sources */ = {isa = PBXBuildFile; fileRef = 44D749CB1BAC810B00DE90B1 /* FMDatabase.m */; };
		44D749D71BAC810B00DE90B1 /* FMDatabaseAdditions.h in Headers */ = {isa = PBXBuildFile; fileRef = 44D749CC1BAC810B00DE90B1 /* FMDatabaseAdditions.h */; };
		44D749D81BAC810B00DE90B1 /* FMDatabaseAdditions.m in Sources */ = {isa = PBXBuildFile; fileRef = 44D749CD1BAC810B00DE90B1 /* FMDatabaseAdditions.m */; };
		44D749D91BAC810B00DE90B1 /* FMDatabasePool.h in Headers */ = {isa = PBXBuildFile; fileRef = 44D749CE1BAC810B00DE90B1 /* FMDatabasePool.h */; };
		44D749DA1BAC810B00DE90B1 /* FMDatabasePool.m in Sources */ = {isa = PBXBuildFile; fileRef = 44D749CF1BAC810B00DE90B1 /* FMDatabasePool.m */; };
		44D749DB1BAC810B00DE90B1 /* FMDatabaseQueue.h in Headers */ = {isa = PBXBuildFile; fileRef = 44D749D01BAC810B00DE90B1 /* FMDatabaseQueue.h */; };
		44D749DC1BAC810B00DE90B1 /* FMDatabaseQueue.m in Sources */ = {isa = PBXBuildFile; fileRef = 44D749D11BAC810B00DE90B1 /* FMDatabaseQueue.m */; };
		44D749DD1BAC810B00DE90B1 /* FMDB.h in Headers */ = {isa = PBXBuildFile; fileRef = 44D749D21BAC810B00DE90B1 /* FMDB.h */; };
		44D749DE1BAC810B00DE90B1 /* FMResultSet.h in Headers */ = {isa = PBXBuildFile; fileRef = 44D749D31BAC810B00DE90B1 /* FMResultSet.h */; };
		44D749DF1BAC810B00DE90B1 /* FMResultSet.m in Sources */ = {isa = PBXBuildFile; fileRef = 44D749D41BAC810B00DE90B1 /* FMResultSet.m */; };
		44D749E11BAC820E00DE90B1 /* libsqlite3.0.tbd in Frameworks */ = {isa = PBXBuildFile; fileRef = 44D749E01BAC820E00DE90B1 /* libsqlite3.0.tbd */; };
		44EBE0011BA784CC00AD679A /* Alamofire.framework in Frameworks */ = {isa = PBXBuildFile; fileRef = 44EBE0001BA784CC00AD679A /* Alamofire.framework */; };
		44EBE00A1BA7891000AD679A /* jhead in Resources */ = {isa = PBXBuildFile; fileRef = 44EBE0081BA7891000AD679A /* jhead */; };
		44EBE00B1BA7891000AD679A /* jpegtran in Resources */ = {isa = PBXBuildFile; fileRef = 44EBE0091BA7891000AD679A /* jpegtran */; };
		44EBE00D1BA7904D00AD679A /* CoreNotifications.swift in Sources */ = {isa = PBXBuildFile; fileRef = 44EBE00C1BA7904D00AD679A /* CoreNotifications.swift */; };
		44EBE0141BA790A500AD679A /* FileExifProvider.swift in Sources */ = {isa = PBXBuildFile; fileRef = 44EBE00E1BA790A500AD679A /* FileExifProvider.swift */; };
		44EBE0151BA790A500AD679A /* FileMediaData.swift in Sources */ = {isa = PBXBuildFile; fileRef = 44EBE00F1BA790A500AD679A /* FileMediaData.swift */; };
		44EBE0161BA790A500AD679A /* MediaData.swift in Sources */ = {isa = PBXBuildFile; fileRef = 44EBE0101BA790A500AD679A /* MediaData.swift */; };
		44EBE0171BA790A500AD679A /* MediaDataDetail.swift in Sources */ = {isa = PBXBuildFile; fileRef = 44EBE0111BA790A500AD679A /* MediaDataDetail.swift */; };
		44EBE0181BA790A500AD679A /* MediaProvider.swift in Sources */ = {isa = PBXBuildFile; fileRef = 44EBE0121BA790A500AD679A /* MediaProvider.swift */; };
		44EBE0191BA790A500AD679A /* SupportedMediaTypes.swift in Sources */ = {isa = PBXBuildFile; fileRef = 44EBE0131BA790A500AD679A /* SupportedMediaTypes.swift */; };
		44F420071BA7194000ADBB85 /* OrderedDictionary.swift in Sources */ = {isa = PBXBuildFile; fileRef = 44F420061BA7194000ADBB85 /* OrderedDictionary.swift */; };
		44F420091BA7194C00ADBB85 /* ProcessInvoker.swift in Sources */ = {isa = PBXBuildFile; fileRef = 44F420081BA7194C00ADBB85 /* ProcessInvoker.swift */; };
		44F4200C1BA7195700ADBB85 /* Logger.swift in Sources */ = {isa = PBXBuildFile; fileRef = 44F4200A1BA7195700ADBB85 /* Logger.swift */; };
		44F4200D1BA7195700ADBB85 /* Mutex.swift in Sources */ = {isa = PBXBuildFile; fileRef = 44F4200B1BA7195700ADBB85 /* Mutex.swift */; };
		44F420151BA72F4D00ADBB85 /* Foundation.framework in Frameworks */ = {isa = PBXBuildFile; fileRef = 44F420141BA72F4D00ADBB85 /* Foundation.framework */; };
		44F4201B1BA7776B00ADBB85 /* BasePreferences.swift in Sources */ = {isa = PBXBuildFile; fileRef = 44F4201A1BA7776B00ADBB85 /* BasePreferences.swift */; };
		44F4201D1BA778F000ADBB85 /* JheadInvoker.swift in Sources */ = {isa = PBXBuildFile; fileRef = 44F4201C1BA778F000ADBB85 /* JheadInvoker.swift */; };
		44F420211BA77A0900ADBB85 /* RangicFsEventStreamWrapper.h in Headers */ = {isa = PBXBuildFile; fileRef = 44F4201F1BA77A0900ADBB85 /* RangicFsEventStreamWrapper.h */; };
		44F420221BA77A0900ADBB85 /* RangicFsEventStreamWrapper.m in Sources */ = {isa = PBXBuildFile; fileRef = 44F420201BA77A0900ADBB85 /* RangicFsEventStreamWrapper.m */; };
		44F7104E1DE3595100B75B72 /* FileMediaRepository.swift in Sources */ = {isa = PBXBuildFile; fileRef = 44F7104D1DE3595100B75B72 /* FileMediaRepository.swift */; };
		44F710501DE3598C00B75B72 /* FindAPhotoMediaRepository.swift in Sources */ = {isa = PBXBuildFile; fileRef = 44F7104F1DE3598C00B75B72 /* FindAPhotoMediaRepository.swift */; };
		44F8575C1BD05C0F00CC9185 /* DataReader.swift in Sources */ = {isa = PBXBuildFile; fileRef = 44F8575A1BD05C0F00CC9185 /* DataReader.swift */; };
		44F8575D1BD05C0F00CC9185 /* VideoMetadata.swift in Sources */ = {isa = PBXBuildFile; fileRef = 44F8575B1BD05C0F00CC9185 /* VideoMetadata.swift */; };
		44F8575F1BD05C1E00CC9185 /* PersistentCacheLookupProvider.swift in Sources */ = {isa = PBXBuildFile; fileRef = 44F8575E1BD05C1E00CC9185 /* PersistentCacheLookupProvider.swift */; };
/* End PBXBuildFile section */

/* Begin PBXFileReference section */
		440AFCB11DD7C6F1007B1749 /* SwiftyJSON.framework */ = {isa = PBXFileReference; lastKnownFileType = wrapper.framework; name = SwiftyJSON.framework; path = Carthage/Build/Mac/SwiftyJSON.framework; sourceTree = "<group>"; };
		44426F9D1BAC90C700C8EC2F /* RangicCore-Bridging-Header.h */ = {isa = PBXFileReference; lastKnownFileType = sourcecode.c.h; path = "RangicCore-Bridging-Header.h"; sourceTree = "<group>"; };
		4451CEEA1BA79C5C00D09540 /* Quartz.framework */ = {isa = PBXFileReference; lastKnownFileType = wrapper.framework; name = Quartz.framework; path = System/Library/Frameworks/Quartz.framework; sourceTree = SDKROOT; };
		4451CEEC1BA79C9400D09540 /* AVFoundation.framework */ = {isa = PBXFileReference; lastKnownFileType = wrapper.framework; name = AVFoundation.framework; path = System/Library/Frameworks/AVFoundation.framework; sourceTree = SDKROOT; };
		445915731BD056AE001DC93A /* ImageMetadata.swift */ = {isa = PBXFileReference; fileEncoding = 4; lastKnownFileType = sourcecode.swift; name = ImageMetadata.swift; path = Media/ImageMetadata.swift; sourceTree = "<group>"; };
		4463CD051C2F362C00B6C01D /* MediaSize.swift */ = {isa = PBXFileReference; fileEncoding = 4; lastKnownFileType = sourcecode.swift; name = MediaSize.swift; path = Media/MediaSize.swift; sourceTree = "<group>"; };
		44734C471BA7839100C6675C /* MemoryCacheLookupProvider.swift */ = {isa = PBXFileReference; fileEncoding = 4; lastKnownFileType = sourcecode.swift; name = MemoryCacheLookupProvider.swift; path = Location/MemoryCacheLookupProvider.swift; sourceTree = "<group>"; };
		44734C481BA7839100C6675C /* Location.swift */ = {isa = PBXFileReference; fileEncoding = 4; lastKnownFileType = sourcecode.swift; name = Location.swift; path = Location/Location.swift; sourceTree = "<group>"; };
		44734C491BA7839100C6675C /* LookupProvider.swift */ = {isa = PBXFileReference; fileEncoding = 4; lastKnownFileType = sourcecode.swift; name = LookupProvider.swift; path = Location/LookupProvider.swift; sourceTree = "<group>"; };
		44734C4A1BA7839100C6675C /* Placename.swift */ = {isa = PBXFileReference; fileEncoding = 4; lastKnownFileType = sourcecode.swift; name = Placename.swift; path = Location/Placename.swift; sourceTree = "<group>"; };
		44734C4B1BA7839100C6675C /* OpenMapLookupProvider.swift */ = {isa = PBXFileReference; fileEncoding = 4; lastKnownFileType = sourcecode.swift; name = OpenMapLookupProvider.swift; path = Location/OpenMapLookupProvider.swift; sourceTree = "<group>"; };
		4475F76E1BA7916F00087AEE /* Async.framework */ = {isa = PBXFileReference; lastKnownFileType = wrapper.framework; name = Async.framework; path = Carthage/Build/Mac/Async.framework; sourceTree = "<group>"; };
		447CA6761BD5CD4500CA174C /* CocoaLumberjackSwift.framework */ = {isa = PBXFileReference; lastKnownFileType = wrapper.framework; name = CocoaLumberjackSwift.framework; path = Carthage/Build/Mac/CocoaLumberjackSwift.framework; sourceTree = "<group>"; };
		447CA67A1BD5CF4B00CA174C /* CocoaLumberjack.framework */ = {isa = PBXFileReference; lastKnownFileType = wrapper.framework; name = CocoaLumberjack.framework; path = Carthage/Build/Mac/CocoaLumberjack.framework; sourceTree = "<group>"; };
		44936FD01DDAA21B0011DAE1 /* FindAPhotoMediaData.swift */ = {isa = PBXFileReference; fileEncoding = 4; lastKnownFileType = sourcecode.swift; path = FindAPhotoMediaData.swift; sourceTree = "<group>"; };
		44936FD41DDB7BDF0011DAE1 /* FindAPhotoResults.swift */ = {isa = PBXFileReference; fileEncoding = 4; lastKnownFileType = sourcecode.swift; path = FindAPhotoResults.swift; sourceTree = "<group>"; };
		44A8506E1BD029DC0051CECA /* StringExtensions.swift */ = {isa = PBXFileReference; fileEncoding = 4; lastKnownFileType = sourcecode.swift; name = StringExtensions.swift; path = Extensions/StringExtensions.swift; sourceTree = "<group>"; };
		44D749CA1BAC810B00DE90B1 /* FMDatabase.h */ = {isa = PBXFileReference; fileEncoding = 4; lastKnownFileType = sourcecode.c.h; name = FMDatabase.h; path = External/fmdb/FMDatabase.h; sourceTree = "<group>"; };
		44D749CB1BAC810B00DE90B1 /* FMDatabase.m */ = {isa = PBXFileReference; fileEncoding = 4; lastKnownFileType = sourcecode.c.objc; name = FMDatabase.m; path = External/fmdb/FMDatabase.m; sourceTree = "<group>"; };
		44D749CC1BAC810B00DE90B1 /* FMDatabaseAdditions.h */ = {isa = PBXFileReference; fileEncoding = 4; lastKnownFileType = sourcecode.c.h; name = FMDatabaseAdditions.h; path = External/fmdb/FMDatabaseAdditions.h; sourceTree = "<group>"; };
		44D749CD1BAC810B00DE90B1 /* FMDatabaseAdditions.m */ = {isa = PBXFileReference; fileEncoding = 4; lastKnownFileType = sourcecode.c.objc; name = FMDatabaseAdditions.m; path = External/fmdb/FMDatabaseAdditions.m; sourceTree = "<group>"; };
		44D749CE1BAC810B00DE90B1 /* FMDatabasePool.h */ = {isa = PBXFileReference; fileEncoding = 4; lastKnownFileType = sourcecode.c.h; name = FMDatabasePool.h; path = External/fmdb/FMDatabasePool.h; sourceTree = "<group>"; };
		44D749CF1BAC810B00DE90B1 /* FMDatabasePool.m */ = {isa = PBXFileReference; fileEncoding = 4; lastKnownFileType = sourcecode.c.objc; name = FMDatabasePool.m; path = External/fmdb/FMDatabasePool.m; sourceTree = "<group>"; };
		44D749D01BAC810B00DE90B1 /* FMDatabaseQueue.h */ = {isa = PBXFileReference; fileEncoding = 4; lastKnownFileType = sourcecode.c.h; name = FMDatabaseQueue.h; path = External/fmdb/FMDatabaseQueue.h; sourceTree = "<group>"; };
		44D749D11BAC810B00DE90B1 /* FMDatabaseQueue.m */ = {isa = PBXFileReference; fileEncoding = 4; lastKnownFileType = sourcecode.c.objc; name = FMDatabaseQueue.m; path = External/fmdb/FMDatabaseQueue.m; sourceTree = "<group>"; };
		44D749D21BAC810B00DE90B1 /* FMDB.h */ = {isa = PBXFileReference; fileEncoding = 4; lastKnownFileType = sourcecode.c.h; name = FMDB.h; path = External/fmdb/FMDB.h; sourceTree = "<group>"; };
		44D749D31BAC810B00DE90B1 /* FMResultSet.h */ = {isa = PBXFileReference; fileEncoding = 4; lastKnownFileType = sourcecode.c.h; name = FMResultSet.h; path = External/fmdb/FMResultSet.h; sourceTree = "<group>"; };
		44D749D41BAC810B00DE90B1 /* FMResultSet.m */ = {isa = PBXFileReference; fileEncoding = 4; lastKnownFileType = sourcecode.c.objc; name = FMResultSet.m; path = External/fmdb/FMResultSet.m; sourceTree = "<group>"; };
		44D749E01BAC820E00DE90B1 /* libsqlite3.0.tbd */ = {isa = PBXFileReference; lastKnownFileType = "sourcecode.text-based-dylib-definition"; name = libsqlite3.0.tbd; path = usr/lib/libsqlite3.0.tbd; sourceTree = SDKROOT; };
		44EBE0001BA784CC00AD679A /* Alamofire.framework */ = {isa = PBXFileReference; lastKnownFileType = wrapper.framework; name = Alamofire.framework; path = Carthage/Build/Mac/Alamofire.framework; sourceTree = "<group>"; };
		44EBE0081BA7891000AD679A /* jhead */ = {isa = PBXFileReference; lastKnownFileType = "compiled.mach-o.executable"; name = jhead; path = Executables/jhead; sourceTree = "<group>"; };
		44EBE0091BA7891000AD679A /* jpegtran */ = {isa = PBXFileReference; lastKnownFileType = "compiled.mach-o.executable"; name = jpegtran; path = Executables/jpegtran; sourceTree = "<group>"; };
		44EBE00C1BA7904D00AD679A /* CoreNotifications.swift */ = {isa = PBXFileReference; fileEncoding = 4; lastKnownFileType = sourcecode.swift; name = CoreNotifications.swift; path = Utilities/CoreNotifications.swift; sourceTree = "<group>"; };
		44EBE00E1BA790A500AD679A /* FileExifProvider.swift */ = {isa = PBXFileReference; fileEncoding = 4; lastKnownFileType = sourcecode.swift; name = FileExifProvider.swift; path = Media/FileExifProvider.swift; sourceTree = "<group>"; };
		44EBE00F1BA790A500AD679A /* FileMediaData.swift */ = {isa = PBXFileReference; fileEncoding = 4; lastKnownFileType = sourcecode.swift; name = FileMediaData.swift; path = Media/FileMediaData.swift; sourceTree = "<group>"; };
		44EBE0101BA790A500AD679A /* MediaData.swift */ = {isa = PBXFileReference; fileEncoding = 4; lastKnownFileType = sourcecode.swift; name = MediaData.swift; path = Media/MediaData.swift; sourceTree = "<group>"; };
		44EBE0111BA790A500AD679A /* MediaDataDetail.swift */ = {isa = PBXFileReference; fileEncoding = 4; lastKnownFileType = sourcecode.swift; name = MediaDataDetail.swift; path = Media/MediaDataDetail.swift; sourceTree = "<group>"; };
		44EBE0121BA790A500AD679A /* MediaProvider.swift */ = {isa = PBXFileReference; fileEncoding = 4; lastKnownFileType = sourcecode.swift; name = MediaProvider.swift; path = Media/MediaProvider.swift; sourceTree = "<group>"; };
		44EBE0131BA790A500AD679A /* SupportedMediaTypes.swift */ = {isa = PBXFileReference; fileEncoding = 4; lastKnownFileType = sourcecode.swift; name = SupportedMediaTypes.swift; path = Media/SupportedMediaTypes.swift; sourceTree = "<group>"; };
		44F41FF81BA7175E00ADBB85 /* RangicCore.framework */ = {isa = PBXFileReference; explicitFileType = wrapper.framework; includeInIndex = 0; path = RangicCore.framework; sourceTree = BUILT_PRODUCTS_DIR; };
		44F41FFD1BA7175E00ADBB85 /* Info.plist */ = {isa = PBXFileReference; lastKnownFileType = text.plist.xml; path = Info.plist; sourceTree = "<group>"; };
		44F420061BA7194000ADBB85 /* OrderedDictionary.swift */ = {isa = PBXFileReference; fileEncoding = 4; lastKnownFileType = sourcecode.swift; name = OrderedDictionary.swift; path = Collections/OrderedDictionary.swift; sourceTree = "<group>"; };
		44F420081BA7194C00ADBB85 /* ProcessInvoker.swift */ = {isa = PBXFileReference; fileEncoding = 4; lastKnownFileType = sourcecode.swift; name = ProcessInvoker.swift; path = Process/ProcessInvoker.swift; sourceTree = "<group>"; };
		44F4200A1BA7195700ADBB85 /* Logger.swift */ = {isa = PBXFileReference; fileEncoding = 4; lastKnownFileType = sourcecode.swift; name = Logger.swift; path = Utilities/Logger.swift; sourceTree = "<group>"; };
		44F4200B1BA7195700ADBB85 /* Mutex.swift */ = {isa = PBXFileReference; fileEncoding = 4; lastKnownFileType = sourcecode.swift; name = Mutex.swift; path = Utilities/Mutex.swift; sourceTree = "<group>"; };
		44F420141BA72F4D00ADBB85 /* Foundation.framework */ = {isa = PBXFileReference; lastKnownFileType = wrapper.framework; name = Foundation.framework; path = System/Library/Frameworks/Foundation.framework; sourceTree = SDKROOT; };
		44F4201A1BA7776B00ADBB85 /* BasePreferences.swift */ = {isa = PBXFileReference; fileEncoding = 4; lastKnownFileType = sourcecode.swift; name = BasePreferences.swift; path = Utilities/BasePreferences.swift; sourceTree = "<group>"; };
		44F4201C1BA778F000ADBB85 /* JheadInvoker.swift */ = {isa = PBXFileReference; fileEncoding = 4; lastKnownFileType = sourcecode.swift; name = JheadInvoker.swift; path = Process/JheadInvoker.swift; sourceTree = "<group>"; };
		44F4201F1BA77A0900ADBB85 /* RangicFsEventStreamWrapper.h */ = {isa = PBXFileReference; fileEncoding = 4; lastKnownFileType = sourcecode.c.h; name = RangicFsEventStreamWrapper.h; path = EventStreams/RangicFsEventStreamWrapper.h; sourceTree = "<group>"; };
		44F420201BA77A0900ADBB85 /* RangicFsEventStreamWrapper.m */ = {isa = PBXFileReference; fileEncoding = 4; lastKnownFileType = sourcecode.c.objc; name = RangicFsEventStreamWrapper.m; path = EventStreams/RangicFsEventStreamWrapper.m; sourceTree = "<group>"; };
		44F7104D1DE3595100B75B72 /* FileMediaRepository.swift */ = {isa = PBXFileReference; fileEncoding = 4; lastKnownFileType = sourcecode.swift; name = FileMediaRepository.swift; path = Media/FileMediaRepository.swift; sourceTree = "<group>"; };
		44F7104F1DE3598C00B75B72 /* FindAPhotoMediaRepository.swift */ = {isa = PBXFileReference; fileEncoding = 4; lastKnownFileType = sourcecode.swift; name = FindAPhotoMediaRepository.swift; path = Media/FindAPhotoMediaRepository.swift; sourceTree = "<group>"; };
		44F8575A1BD05C0F00CC9185 /* DataReader.swift */ = {isa = PBXFileReference; fileEncoding = 4; lastKnownFileType = sourcecode.swift; name = DataReader.swift; path = Media/DataReader.swift; sourceTree = "<group>"; };
		44F8575B1BD05C0F00CC9185 /* VideoMetadata.swift */ = {isa = PBXFileReference; fileEncoding = 4; lastKnownFileType = sourcecode.swift; name = VideoMetadata.swift; path = Media/VideoMetadata.swift; sourceTree = "<group>"; };
		44F8575E1BD05C1E00CC9185 /* PersistentCacheLookupProvider.swift */ = {isa = PBXFileReference; fileEncoding = 4; lastKnownFileType = sourcecode.swift; name = PersistentCacheLookupProvider.swift; path = Location/PersistentCacheLookupProvider.swift; sourceTree = "<group>"; };
/* End PBXFileReference section */

/* Begin PBXFrameworksBuildPhase section */
		44F41FF41BA7175E00ADBB85 /* Frameworks */ = {
			isa = PBXFrameworksBuildPhase;
			buildActionMask = 2147483647;
			files = (
				440AFCB21DD7C6F1007B1749 /* SwiftyJSON.framework in Frameworks */,
				447CA67B1BD5CF4B00CA174C /* CocoaLumberjack.framework in Frameworks */,
				447CA6771BD5CD4500CA174C /* CocoaLumberjackSwift.framework in Frameworks */,
				44D749E11BAC820E00DE90B1 /* libsqlite3.0.tbd in Frameworks */,
				4451CEED1BA79C9400D09540 /* AVFoundation.framework in Frameworks */,
				4451CEEB1BA79C5C00D09540 /* Quartz.framework in Frameworks */,
				4475F76F1BA7916F00087AEE /* Async.framework in Frameworks */,
				44EBE0011BA784CC00AD679A /* Alamofire.framework in Frameworks */,
				44F420151BA72F4D00ADBB85 /* Foundation.framework in Frameworks */,
			);
			runOnlyForDeploymentPostprocessing = 0;
		};
/* End PBXFrameworksBuildPhase section */

/* Begin PBXGroup section */
		4451CEF41BA79D4300D09540 /* Frameworks */ = {
			isa = PBXGroup;
			children = (
				440AFCB11DD7C6F1007B1749 /* SwiftyJSON.framework */,
				447CA67A1BD5CF4B00CA174C /* CocoaLumberjack.framework */,
				447CA6761BD5CD4500CA174C /* CocoaLumberjackSwift.framework */,
				44D749E01BAC820E00DE90B1 /* libsqlite3.0.tbd */,
				4451CEEC1BA79C9400D09540 /* AVFoundation.framework */,
				4451CEEA1BA79C5C00D09540 /* Quartz.framework */,
				44EBE0001BA784CC00AD679A /* Alamofire.framework */,
				4475F76E1BA7916F00087AEE /* Async.framework */,
				44F420141BA72F4D00ADBB85 /* Foundation.framework */,
			);
			name = Frameworks;
			sourceTree = "<group>";
		};
		44734C461BA782FA00C6675C /* Location */ = {
			isa = PBXGroup;
			children = (
				44F8575E1BD05C1E00CC9185 /* PersistentCacheLookupProvider.swift */,
				44734C471BA7839100C6675C /* MemoryCacheLookupProvider.swift */,
				44734C481BA7839100C6675C /* Location.swift */,
				44734C491BA7839100C6675C /* LookupProvider.swift */,
				44734C4A1BA7839100C6675C /* Placename.swift */,
				44734C4B1BA7839100C6675C /* OpenMapLookupProvider.swift */,
			);
			name = Location;
			sourceTree = "<group>";
		};
		44936FCD1DDAA1630011DAE1 /* FIndAPhoto */ = {
			isa = PBXGroup;
			children = (
				44936FD01DDAA21B0011DAE1 /* FindAPhotoMediaData.swift */,
				44936FD41DDB7BDF0011DAE1 /* FindAPhotoResults.swift */,
			);
			name = FIndAPhoto;
			sourceTree = "<group>";
		};
		44A8506D1BD029AC0051CECA /* Extensions */ = {
			isa = PBXGroup;
			children = (
				44A8506E1BD029DC0051CECA /* StringExtensions.swift */,
			);
			name = Extensions;
			sourceTree = "<group>";
		};
		44D749C91BAC80FD00DE90B1 /* fmdb */ = {
			isa = PBXGroup;
			children = (
				44D749CA1BAC810B00DE90B1 /* FMDatabase.h */,
				44D749CB1BAC810B00DE90B1 /* FMDatabase.m */,
				44D749CC1BAC810B00DE90B1 /* FMDatabaseAdditions.h */,
				44D749CD1BAC810B00DE90B1 /* FMDatabaseAdditions.m */,
				44D749CE1BAC810B00DE90B1 /* FMDatabasePool.h */,
				44D749CF1BAC810B00DE90B1 /* FMDatabasePool.m */,
				44D749D01BAC810B00DE90B1 /* FMDatabaseQueue.h */,
				44D749D11BAC810B00DE90B1 /* FMDatabaseQueue.m */,
				44D749D21BAC810B00DE90B1 /* FMDB.h */,
				44D749D31BAC810B00DE90B1 /* FMResultSet.h */,
				44D749D41BAC810B00DE90B1 /* FMResultSet.m */,
			);
			name = fmdb;
			sourceTree = "<group>";
		};
		44EBE0021BA7856100AD679A /* External */ = {
			isa = PBXGroup;
			children = (
				44D749C91BAC80FD00DE90B1 /* fmdb */,
			);
			name = External;
			sourceTree = "<group>";
		};
		44EBE0061BA7885700AD679A /* Media */ = {
			isa = PBXGroup;
			children = (
				44F8575A1BD05C0F00CC9185 /* DataReader.swift */,
				44EBE00E1BA790A500AD679A /* FileExifProvider.swift */,
				44EBE00F1BA790A500AD679A /* FileMediaData.swift */,
				44F7104D1DE3595100B75B72 /* FileMediaRepository.swift */,
				44F7104F1DE3598C00B75B72 /* FindAPhotoMediaRepository.swift */,
				445915731BD056AE001DC93A /* ImageMetadata.swift */,
				44EBE0101BA790A500AD679A /* MediaData.swift */,
				44EBE0111BA790A500AD679A /* MediaDataDetail.swift */,
				44EBE0121BA790A500AD679A /* MediaProvider.swift */,
				4463CD051C2F362C00B6C01D /* MediaSize.swift */,
				44EBE0131BA790A500AD679A /* SupportedMediaTypes.swift */,
				44F8575B1BD05C0F00CC9185 /* VideoMetadata.swift */,
			);
			name = Media;
			sourceTree = "<group>";
		};
		44EBE0071BA788C900AD679A /* Executables */ = {
			isa = PBXGroup;
			children = (
				44EBE0081BA7891000AD679A /* jhead */,
				44EBE0091BA7891000AD679A /* jpegtran */,
			);
			name = Executables;
			sourceTree = "<group>";
		};
		44F41FEE1BA7175E00ADBB85 = {
			isa = PBXGroup;
			children = (
				44F41FFA1BA7175E00ADBB85 /* RangicCore */,
				4451CEF41BA79D4300D09540 /* Frameworks */,
				44F41FF91BA7175E00ADBB85 /* Products */,
			);
			sourceTree = "<group>";
		};
		44F41FF91BA7175E00ADBB85 /* Products */ = {
			isa = PBXGroup;
			children = (
				44F41FF81BA7175E00ADBB85 /* RangicCore.framework */,
			);
			name = Products;
			sourceTree = "<group>";
		};
		44F41FFA1BA7175E00ADBB85 /* RangicCore */ = {
			isa = PBXGroup;
			children = (
				44A8506D1BD029AC0051CECA /* Extensions */,
				44F420031BA718ED00ADBB85 /* Collections */,
				44F4201E1BA7795300ADBB85 /* EventStream */,
				44EBE0071BA788C900AD679A /* Executables */,
				44EBE0021BA7856100AD679A /* External */,
				44936FCD1DDAA1630011DAE1 /* FIndAPhoto */,
				44734C461BA782FA00C6675C /* Location */,
				44EBE0061BA7885700AD679A /* Media */,
				44F420051BA7191900ADBB85 /* Process */,
				44F420041BA718F800ADBB85 /* Utilities */,
				44F41FFD1BA7175E00ADBB85 /* Info.plist */,
				44426F9D1BAC90C700C8EC2F /* RangicCore-Bridging-Header.h */,
			);
			path = RangicCore;
			sourceTree = "<group>";
		};
		44F420031BA718ED00ADBB85 /* Collections */ = {
			isa = PBXGroup;
			children = (
				44F420061BA7194000ADBB85 /* OrderedDictionary.swift */,
			);
			name = Collections;
			sourceTree = "<group>";
		};
		44F420041BA718F800ADBB85 /* Utilities */ = {
			isa = PBXGroup;
			children = (
				44EBE00C1BA7904D00AD679A /* CoreNotifications.swift */,
				44F4200A1BA7195700ADBB85 /* Logger.swift */,
				44F4200B1BA7195700ADBB85 /* Mutex.swift */,
				44F4201A1BA7776B00ADBB85 /* BasePreferences.swift */,
			);
			name = Utilities;
			sourceTree = "<group>";
		};
		44F420051BA7191900ADBB85 /* Process */ = {
			isa = PBXGroup;
			children = (
				44F4201C1BA778F000ADBB85 /* JheadInvoker.swift */,
				44F420081BA7194C00ADBB85 /* ProcessInvoker.swift */,
			);
			name = Process;
			sourceTree = "<group>";
		};
		44F4201E1BA7795300ADBB85 /* EventStream */ = {
			isa = PBXGroup;
			children = (
				44F4201F1BA77A0900ADBB85 /* RangicFsEventStreamWrapper.h */,
				44F420201BA77A0900ADBB85 /* RangicFsEventStreamWrapper.m */,
			);
			name = EventStream;
			sourceTree = "<group>";
		};
/* End PBXGroup section */

/* Begin PBXHeadersBuildPhase section */
		44F41FF51BA7175E00ADBB85 /* Headers */ = {
			isa = PBXHeadersBuildPhase;
			buildActionMask = 2147483647;
			files = (
				44D749DE1BAC810B00DE90B1 /* FMResultSet.h in Headers */,
				44F420211BA77A0900ADBB85 /* RangicFsEventStreamWrapper.h in Headers */,
				44D749DB1BAC810B00DE90B1 /* FMDatabaseQueue.h in Headers */,
				44D749D91BAC810B00DE90B1 /* FMDatabasePool.h in Headers */,
				44D749D71BAC810B00DE90B1 /* FMDatabaseAdditions.h in Headers */,
				44D749DD1BAC810B00DE90B1 /* FMDB.h in Headers */,
				44D749D51BAC810B00DE90B1 /* FMDatabase.h in Headers */,
			);
			runOnlyForDeploymentPostprocessing = 0;
		};
/* End PBXHeadersBuildPhase section */

/* Begin PBXNativeTarget section */
		44F41FF71BA7175E00ADBB85 /* RangicCore */ = {
			isa = PBXNativeTarget;
			buildConfigurationList = 44F420001BA7175E00ADBB85 /* Build configuration list for PBXNativeTarget "RangicCore" */;
			buildPhases = (
				44F41FF31BA7175E00ADBB85 /* Sources */,
				44F41FF41BA7175E00ADBB85 /* Frameworks */,
				44F41FF51BA7175E00ADBB85 /* Headers */,
				44F41FF61BA7175E00ADBB85 /* Resources */,
			);
			buildRules = (
			);
			dependencies = (
			);
			name = RangicCore;
			productName = Rangic.Cocoa.Core;
			productReference = 44F41FF81BA7175E00ADBB85 /* RangicCore.framework */;
			productType = "com.apple.product-type.framework";
		};
/* End PBXNativeTarget section */

/* Begin PBXProject section */
		44F41FEF1BA7175E00ADBB85 /* Project object */ = {
			isa = PBXProject;
			attributes = {
				LastSwiftUpdateCheck = 0700;
				LastUpgradeCheck = 0900;
				ORGANIZATIONNAME = rangic.com;
				TargetAttributes = {
					44F41FF71BA7175E00ADBB85 = {
						CreatedOnToolsVersion = 7.0;
						LastSwiftMigration = 0910;
					};
				};
			};
			buildConfigurationList = 44F41FF21BA7175E00ADBB85 /* Build configuration list for PBXProject "RangicCore" */;
			compatibilityVersion = "Xcode 3.2";
			developmentRegion = English;
			hasScannedForEncodings = 0;
			knownRegions = (
				en,
			);
			mainGroup = 44F41FEE1BA7175E00ADBB85;
			productRefGroup = 44F41FF91BA7175E00ADBB85 /* Products */;
			projectDirPath = "";
			projectRoot = "";
			targets = (
				44F41FF71BA7175E00ADBB85 /* RangicCore */,
			);
		};
/* End PBXProject section */

/* Begin PBXResourcesBuildPhase section */
		44F41FF61BA7175E00ADBB85 /* Resources */ = {
			isa = PBXResourcesBuildPhase;
			buildActionMask = 2147483647;
			files = (
				44EBE00A1BA7891000AD679A /* jhead in Resources */,
				44EBE00B1BA7891000AD679A /* jpegtran in Resources */,
			);
			runOnlyForDeploymentPostprocessing = 0;
		};
/* End PBXResourcesBuildPhase section */

/* Begin PBXSourcesBuildPhase section */
		44F41FF31BA7175E00ADBB85 /* Sources */ = {
			isa = PBXSourcesBuildPhase;
			buildActionMask = 2147483647;
			files = (
				44F420091BA7194C00ADBB85 /* ProcessInvoker.swift in Sources */,
				44EBE0171BA790A500AD679A /* MediaDataDetail.swift in Sources */,
				44734C501BA7839100C6675C /* OpenMapLookupProvider.swift in Sources */,
				44734C4F1BA7839100C6675C /* Placename.swift in Sources */,
				4463CD061C2F362C00B6C01D /* MediaSize.swift in Sources */,
				44F4201B1BA7776B00ADBB85 /* BasePreferences.swift in Sources */,
				44734C4E1BA7839100C6675C /* LookupProvider.swift in Sources */,
				44D749DF1BAC810B00DE90B1 /* FMResultSet.m in Sources */,
				44EBE0191BA790A500AD679A /* SupportedMediaTypes.swift in Sources */,
				44F8575F1BD05C1E00CC9185 /* PersistentCacheLookupProvider.swift in Sources */,
				44734C4C1BA7839100C6675C /* MemoryCacheLookupProvider.swift in Sources */,
				445915741BD056AE001DC93A /* ImageMetadata.swift in Sources */,
				44F4200D1BA7195700ADBB85 /* Mutex.swift in Sources */,
				44D749D61BAC810B00DE90B1 /* FMDatabase.m in Sources */,
				44D749DC1BAC810B00DE90B1 /* FMDatabaseQueue.m in Sources */,
				44F8575C1BD05C0F00CC9185 /* DataReader.swift in Sources */,
				44D749D81BAC810B00DE90B1 /* FMDatabaseAdditions.m in Sources */,
				44A8506F1BD029DC0051CECA /* StringExtensions.swift in Sources */,
				44734C4D1BA7839100C6675C /* Location.swift in Sources */,
				44EBE0151BA790A500AD679A /* FileMediaData.swift in Sources */,
				44F7104E1DE3595100B75B72 /* FileMediaRepository.swift in Sources */,
				44936FD51DDB7BDF0011DAE1 /* FindAPhotoResults.swift in Sources */,
				44F8575D1BD05C0F00CC9185 /* VideoMetadata.swift in Sources */,
				44D749DA1BAC810B00DE90B1 /* FMDatabasePool.m in Sources */,
				44F710501DE3598C00B75B72 /* FindAPhotoMediaRepository.swift in Sources */,
				44EBE00D1BA7904D00AD679A /* CoreNotifications.swift in Sources */,
				44EBE0161BA790A500AD679A /* MediaData.swift in Sources */,
				44F4200C1BA7195700ADBB85 /* Logger.swift in Sources */,
				44F420071BA7194000ADBB85 /* OrderedDictionary.swift in Sources */,
				44EBE0141BA790A500AD679A /* FileExifProvider.swift in Sources */,
				44EBE0181BA790A500AD679A /* MediaProvider.swift in Sources */,
				44936FD11DDAA21B0011DAE1 /* FindAPhotoMediaData.swift in Sources */,
				44F420221BA77A0900ADBB85 /* RangicFsEventStreamWrapper.m in Sources */,
				44F4201D1BA778F000ADBB85 /* JheadInvoker.swift in Sources */,
			);
			runOnlyForDeploymentPostprocessing = 0;
		};
/* End PBXSourcesBuildPhase section */

/* Begin XCBuildConfiguration section */
		44F41FFE1BA7175E00ADBB85 /* Debug */ = {
			isa = XCBuildConfiguration;
			buildSettings = {
				ALWAYS_EMBED_SWIFT_STANDARD_LIBRARIES = YES;
				ALWAYS_SEARCH_USER_PATHS = NO;
				CLANG_CXX_LANGUAGE_STANDARD = "gnu++0x";
				CLANG_CXX_LIBRARY = "libc++";
				CLANG_ENABLE_MODULES = YES;
				CLANG_ENABLE_OBJC_ARC = YES;
				CLANG_WARN_BLOCK_CAPTURE_AUTORELEASING = YES;
				CLANG_WARN_BOOL_CONVERSION = YES;
				CLANG_WARN_COMMA = YES;
				CLANG_WARN_CONSTANT_CONVERSION = YES;
				CLANG_WARN_DIRECT_OBJC_ISA_USAGE = YES_ERROR;
				CLANG_WARN_EMPTY_BODY = YES;
				CLANG_WARN_ENUM_CONVERSION = YES;
				CLANG_WARN_INFINITE_RECURSION = YES;
				CLANG_WARN_INT_CONVERSION = YES;
				CLANG_WARN_NON_LITERAL_NULL_CONVERSION = YES;
				CLANG_WARN_OBJC_LITERAL_CONVERSION = YES;
				CLANG_WARN_OBJC_ROOT_CLASS = YES_ERROR;
				CLANG_WARN_RANGE_LOOP_ANALYSIS = YES;
				CLANG_WARN_STRICT_PROTOTYPES = YES;
				CLANG_WARN_SUSPICIOUS_MOVE = YES;
				CLANG_WARN_UNREACHABLE_CODE = YES;
				CLANG_WARN__DUPLICATE_METHOD_MATCH = YES;
				COPY_PHASE_STRIP = NO;
				CURRENT_PROJECT_VERSION = 1;
				DEBUG_INFORMATION_FORMAT = dwarf;
				ENABLE_STRICT_OBJC_MSGSEND = YES;
				ENABLE_TESTABILITY = YES;
				GCC_C_LANGUAGE_STANDARD = gnu99;
				GCC_DYNAMIC_NO_PIC = NO;
				GCC_NO_COMMON_BLOCKS = YES;
				GCC_OPTIMIZATION_LEVEL = 0;
				GCC_PREPROCESSOR_DEFINITIONS = (
					"DEBUG=1",
					"$(inherited)",
				);
				GCC_WARN_64_TO_32_BIT_CONVERSION = YES;
				GCC_WARN_ABOUT_RETURN_TYPE = YES_ERROR;
				GCC_WARN_UNDECLARED_SELECTOR = YES;
				GCC_WARN_UNINITIALIZED_AUTOS = YES_AGGRESSIVE;
				GCC_WARN_UNUSED_FUNCTION = YES;
				GCC_WARN_UNUSED_VARIABLE = YES;
				MACOSX_DEPLOYMENT_TARGET = 10.10;
				MTL_ENABLE_DEBUG_INFO = YES;
				ONLY_ACTIVE_ARCH = YES;
				SDKROOT = macosx;
				SWIFT_OPTIMIZATION_LEVEL = "-Onone";
				SWIFT_VERSION = 3.0;
				VERSIONING_SYSTEM = "apple-generic";
				VERSION_INFO_PREFIX = "";
			};
			name = Debug;
		};
		44F41FFF1BA7175E00ADBB85 /* Release */ = {
			isa = XCBuildConfiguration;
			buildSettings = {
				ALWAYS_EMBED_SWIFT_STANDARD_LIBRARIES = YES;
				ALWAYS_SEARCH_USER_PATHS = NO;
				CLANG_CXX_LANGUAGE_STANDARD = "gnu++0x";
				CLANG_CXX_LIBRARY = "libc++";
				CLANG_ENABLE_MODULES = YES;
				CLANG_ENABLE_OBJC_ARC = YES;
				CLANG_WARN_BLOCK_CAPTURE_AUTORELEASING = YES;
				CLANG_WARN_BOOL_CONVERSION = YES;
				CLANG_WARN_COMMA = YES;
				CLANG_WARN_CONSTANT_CONVERSION = YES;
				CLANG_WARN_DIRECT_OBJC_ISA_USAGE = YES_ERROR;
				CLANG_WARN_EMPTY_BODY = YES;
				CLANG_WARN_ENUM_CONVERSION = YES;
				CLANG_WARN_INFINITE_RECURSION = YES;
				CLANG_WARN_INT_CONVERSION = YES;
				CLANG_WARN_NON_LITERAL_NULL_CONVERSION = YES;
				CLANG_WARN_OBJC_LITERAL_CONVERSION = YES;
				CLANG_WARN_OBJC_ROOT_CLASS = YES_ERROR;
				CLANG_WARN_RANGE_LOOP_ANALYSIS = YES;
				CLANG_WARN_STRICT_PROTOTYPES = YES;
				CLANG_WARN_SUSPICIOUS_MOVE = YES;
				CLANG_WARN_UNREACHABLE_CODE = YES;
				CLANG_WARN__DUPLICATE_METHOD_MATCH = YES;
				COPY_PHASE_STRIP = NO;
				CURRENT_PROJECT_VERSION = 1;
				DEBUG_INFORMATION_FORMAT = "dwarf-with-dsym";
				ENABLE_NS_ASSERTIONS = NO;
				ENABLE_STRICT_OBJC_MSGSEND = YES;
				GCC_C_LANGUAGE_STANDARD = gnu99;
				GCC_NO_COMMON_BLOCKS = YES;
				GCC_WARN_64_TO_32_BIT_CONVERSION = YES;
				GCC_WARN_ABOUT_RETURN_TYPE = YES_ERROR;
				GCC_WARN_UNDECLARED_SELECTOR = YES;
				GCC_WARN_UNINITIALIZED_AUTOS = YES_AGGRESSIVE;
				GCC_WARN_UNUSED_FUNCTION = YES;
				GCC_WARN_UNUSED_VARIABLE = YES;
				MACOSX_DEPLOYMENT_TARGET = 10.10;
				MTL_ENABLE_DEBUG_INFO = NO;
				SDKROOT = macosx;
				SWIFT_OPTIMIZATION_LEVEL = "-Owholemodule";
				SWIFT_VERSION = 3.0;
				VERSIONING_SYSTEM = "apple-generic";
				VERSION_INFO_PREFIX = "";
			};
			name = Release;
		};
		44F420011BA7175E00ADBB85 /* Debug */ = {
			isa = XCBuildConfiguration;
			buildSettings = {
				CLANG_ENABLE_MODULES = YES;
				COMBINE_HIDPI_IMAGES = YES;
				DEFINES_MODULE = YES;
				DYLIB_COMPATIBILITY_VERSION = 1;
				DYLIB_CURRENT_VERSION = 1;
				DYLIB_INSTALL_NAME_BASE = "@rpath";
				FRAMEWORK_SEARCH_PATHS = (
					"$(inherited)",
					"$(PROJECT_DIR)/Carthage/Build/Mac",
				);
				FRAMEWORK_VERSION = A;
				INFOPLIST_FILE = RangicCore/Info.plist;
				INSTALL_PATH = "$(LOCAL_LIBRARY_DIR)/Frameworks";
				LD_RUNPATH_SEARCH_PATHS = "$(inherited) @executable_path/../Frameworks @loader_path/Frameworks";
				MACOSX_DEPLOYMENT_TARGET = 10.11;
				PRODUCT_BUNDLE_IDENTIFIER = RangicCore;
				PRODUCT_NAME = RangicCore;
				SKIP_INSTALL = YES;
				SWIFT_OBJC_BRIDGING_HEADER = "RangicCore/RangicCore-Bridging-Header.h";
				SWIFT_OPTIMIZATION_LEVEL = "-Onone";
				SWIFT_SWIFT3_OBJC_INFERENCE = On;
				SWIFT_VERSION = 4.0;
			};
			name = Debug;
		};
		44F420021BA7175E00ADBB85 /* Release */ = {
			isa = XCBuildConfiguration;
			buildSettings = {
				CLANG_ENABLE_MODULES = YES;
				COMBINE_HIDPI_IMAGES = YES;
				DEFINES_MODULE = YES;
				DYLIB_COMPATIBILITY_VERSION = 1;
				DYLIB_CURRENT_VERSION = 1;
				DYLIB_INSTALL_NAME_BASE = "@rpath";
				FRAMEWORK_SEARCH_PATHS = (
					"$(inherited)",
					"$(PROJECT_DIR)/Carthage/Build/Mac",
				);
				FRAMEWORK_VERSION = A;
				INFOPLIST_FILE = RangicCore/Info.plist;
				INSTALL_PATH = "$(LOCAL_LIBRARY_DIR)/Frameworks";
				LD_RUNPATH_SEARCH_PATHS = "$(inherited) @executable_path/../Frameworks @loader_path/Frameworks";
				MACOSX_DEPLOYMENT_TARGET = 10.11;
				PRODUCT_BUNDLE_IDENTIFIER = RangicCore;
				PRODUCT_NAME = RangicCore;
				SKIP_INSTALL = YES;
				SWIFT_OBJC_BRIDGING_HEADER = "RangicCore/RangicCore-Bridging-Header.h";
				SWIFT_SWIFT3_OBJC_INFERENCE = On;
				SWIFT_VERSION = 4.0;
			};
			name = Release;
		};
/* End XCBuildConfiguration section */

/* Begin XCConfigurationList section */
		44F41FF21BA7175E00ADBB85 /* Build configuration list for PBXProject "RangicCore" */ = {
			isa = XCConfigurationList;
			buildConfigurations = (
				44F41FFE1BA7175E00ADBB85 /* Debug */,
				44F41FFF1BA7175E00ADBB85 /* Release */,
			);
			defaultConfigurationIsVisible = 0;
			defaultConfigurationName = Release;
		};
		44F420001BA7175E00ADBB85 /* Build configuration list for PBXNativeTarget "RangicCore" */ = {
			isa = XCConfigurationList;
			buildConfigurations = (
				44F420011BA7175E00ADBB85 /* Debug */,
				44F420021BA7175E00ADBB85 /* Release */,
			);
			defaultConfigurationIsVisible = 0;
			defaultConfigurationName = Release;
		};
/* End XCConfigurationList section */
	};
	rootObject = 44F41FEF1BA7175E00ADBB85 /* Project object */;
}
